
Microsoft Visual Studio Solution File, Format Version 12.00
# Visual Studio 15
VisualStudioVersion = 15.0.28307.106
MinimumVisualStudioVersion = 10.0.40219.1
Project("{FAE04EC0-301F-11D3-BF4B-00C04F79EFBC}") = "Symulator", "Symulator\Symulator.csproj", "{C765F079-42C0-4FA5-81C0-1CF9B8E69688}"
EndProject
Global
	GlobalSection(SolutionConfigurationPlatforms) = preSolution
		Debug|Any CPU = Debug|Any CPU
		Release|Any CPU = Release|Any CPU
	EndGlobalSection
	GlobalSection(ProjectConfigurationPlatforms) = postSolution
		{C765F079-42C0-4FA5-81C0-1CF9B8E69688}.Debug|Any CPU.ActiveCfg = Debug|Any CPU
		{C765F079-42C0-4FA5-81C0-1CF9B8E69688}.Debug|Any CPU.Build.0 = Debug|Any CPU
		{C765F079-42C0-4FA5-81C0-1CF9B8E69688}.Release|Any CPU.ActiveCfg = Release|Any CPU
		{C765F079-42C0-4FA5-81C0-1CF9B8E69688}.Release|Any CPU.Build.0 = Release|Any CPU
	EndGlobalSection
	GlobalSection(SolutionProperties) = preSolution
		HideSolutionNode = FALSE
	EndGlobalSection
	GlobalSection(ExtensibilityGlobals) = postSolution
		SolutionGuid = {2857BC3C-213E-4571-B972-2CD6B7519599}
	EndGlobalSection
EndGlobal
